
Microsoft Visual Studio Solution File, Format Version 12.00
# Visual Studio Version 17
VisualStudioVersion = 17.4.33122.133
MinimumVisualStudioVersion = 10.0.40219.1
Project("{9A19103F-16F7-4668-BE54-9A1E7A4F7556}") = "GeneratorFromDB", "GeneratorFromDB\GeneratorFromDB.csproj", "{7BF83C55-7795-496B-981B-DDE2C22EAC4D}"
EndProject
Project("{2150E333-8FDC-42A3-9474-1A3956D46DE8}") = "ExampleApplication", "ExampleApplication", "{32477C5C-D2F1-4EA4-87E7-72CC422157C6}"
EndProject
Project("{9A19103F-16F7-4668-BE54-9A1E7A4F7556}") = "ExampleModels", "ExampleModels\ExampleModels.csproj", "{B21B8973-E574-47D2-98B6-B7D87AABB0DD}"
EndProject
Project("{9A19103F-16F7-4668-BE54-9A1E7A4F7556}") = "ExampleContext", "ExampleContext\ExampleContext.csproj", "{58F53B7F-E082-4D8A-9F99-C0D5C5BA1271}"
EndProject
Project("{9A19103F-16F7-4668-BE54-9A1E7A4F7556}") = "TestSampleData", "TestSampleData\TestSampleData.csproj", "{55DAC55A-6556-4D66-98AC-8E362E87B765}"
EndProject
Project("{9A19103F-16F7-4668-BE54-9A1E7A4F7556}") = "GeneratorPowershell", "GeneratorPowershell\GeneratorPowershell.csproj", "{91F3E8E2-EFA2-4CDB-9BCA-02760FEA98F2}"
EndProject
Project("{9A19103F-16F7-4668-BE54-9A1E7A4F7556}") = "ExampleWebAPI", "ExampleWebAPI\ExampleWebAPI.csproj", "{352F2400-3178-4E4A-90DD-34D724618CCB}"
EndProject
Project("{9A19103F-16F7-4668-BE54-9A1E7A4F7556}") = "ExampleControllers", "ExampleControllers\ExampleControllers.csproj", "{4D5958B6-CDED-4261-BD13-EB9824DE5E20}"
EndProject
Project("{FAE04EC0-301F-11D3-BF4B-00C04F79EFBC}") = "DB2GUITemplate", "DB2GUITemplate\DB2GUITemplate.csproj", "{3CB03987-13D9-4C50-85CF-E6B1820CF87E}"
EndProject
Project("{2150E333-8FDC-42A3-9474-1A3956D46DE8}") = "Generators", "Generators", "{3D6FA66E-31AA-4D4F-B779-F831C54E2923}"
EndProject
Project("{9A19103F-16F7-4668-BE54-9A1E7A4F7556}") = "GeneratorCRA", "GeneratorCRA\GeneratorCRA.csproj", "{FBB918EC-A3FD-4F78-BD4D-67550B3EF012}"
EndProject
Project("{9A19103F-16F7-4668-BE54-9A1E7A4F7556}") = "DB2Gui.AspireHost", "DB2Gui.AspireHost\DB2Gui.AspireHost.csproj", "{F09E883E-04E3-4629-A9A7-B6EEE35E4207}"
EndProject
Project("{9A19103F-16F7-4668-BE54-9A1E7A4F7556}") = "DB2GUI.ServiceDefaults", "DB2GUI.ServiceDefaults\DB2GUI.ServiceDefaults.csproj", "{39D0F186-46E7-47A4-8275-6D33A5800C8B}"
EndProject
Project("{FAE04EC0-301F-11D3-BF4B-00C04F79EFBC}") = "ExampleBlazorApp", "ExampleBlazorApp\ExampleBlazorApp.csproj", "{EB8246EA-450A-4BC9-A61B-17B8D8EE3B4E}"
EndProject
Global
	GlobalSection(SolutionConfigurationPlatforms) = preSolution
		Debug|Any CPU = Debug|Any CPU
		Debug|x86 = Debug|x86
		Release|Any CPU = Release|Any CPU
		Release|x86 = Release|x86
	EndGlobalSection
	GlobalSection(ProjectConfigurationPlatforms) = postSolution
		{7BF83C55-7795-496B-981B-DDE2C22EAC4D}.Debug|Any CPU.ActiveCfg = Debug|Any CPU
		{7BF83C55-7795-496B-981B-DDE2C22EAC4D}.Debug|Any CPU.Build.0 = Debug|Any CPU
		{7BF83C55-7795-496B-981B-DDE2C22EAC4D}.Debug|x86.ActiveCfg = Debug|Any CPU
		{7BF83C55-7795-496B-981B-DDE2C22EAC4D}.Debug|x86.Build.0 = Debug|Any CPU
		{7BF83C55-7795-496B-981B-DDE2C22EAC4D}.Release|Any CPU.ActiveCfg = Release|Any CPU
		{7BF83C55-7795-496B-981B-DDE2C22EAC4D}.Release|Any CPU.Build.0 = Release|Any CPU
		{7BF83C55-7795-496B-981B-DDE2C22EAC4D}.Release|x86.ActiveCfg = Release|Any CPU
		{7BF83C55-7795-496B-981B-DDE2C22EAC4D}.Release|x86.Build.0 = Release|Any CPU
		{B21B8973-E574-47D2-98B6-B7D87AABB0DD}.Debug|Any CPU.ActiveCfg = Debug|Any CPU
		{B21B8973-E574-47D2-98B6-B7D87AABB0DD}.Debug|Any CPU.Build.0 = Debug|Any CPU
		{B21B8973-E574-47D2-98B6-B7D87AABB0DD}.Debug|x86.ActiveCfg = Debug|Any CPU
		{B21B8973-E574-47D2-98B6-B7D87AABB0DD}.Debug|x86.Build.0 = Debug|Any CPU
		{B21B8973-E574-47D2-98B6-B7D87AABB0DD}.Release|Any CPU.ActiveCfg = Release|Any CPU
		{B21B8973-E574-47D2-98B6-B7D87AABB0DD}.Release|Any CPU.Build.0 = Release|Any CPU
		{B21B8973-E574-47D2-98B6-B7D87AABB0DD}.Release|x86.ActiveCfg = Release|Any CPU
		{B21B8973-E574-47D2-98B6-B7D87AABB0DD}.Release|x86.Build.0 = Release|Any CPU
		{58F53B7F-E082-4D8A-9F99-C0D5C5BA1271}.Debug|Any CPU.ActiveCfg = Debug|Any CPU
		{58F53B7F-E082-4D8A-9F99-C0D5C5BA1271}.Debug|Any CPU.Build.0 = Debug|Any CPU
		{58F53B7F-E082-4D8A-9F99-C0D5C5BA1271}.Debug|x86.ActiveCfg = Debug|Any CPU
		{58F53B7F-E082-4D8A-9F99-C0D5C5BA1271}.Debug|x86.Build.0 = Debug|Any CPU
		{58F53B7F-E082-4D8A-9F99-C0D5C5BA1271}.Release|Any CPU.ActiveCfg = Release|Any CPU
		{58F53B7F-E082-4D8A-9F99-C0D5C5BA1271}.Release|Any CPU.Build.0 = Release|Any CPU
		{58F53B7F-E082-4D8A-9F99-C0D5C5BA1271}.Release|x86.ActiveCfg = Release|Any CPU
		{58F53B7F-E082-4D8A-9F99-C0D5C5BA1271}.Release|x86.Build.0 = Release|Any CPU
		{55DAC55A-6556-4D66-98AC-8E362E87B765}.Debug|Any CPU.ActiveCfg = Debug|Any CPU
		{55DAC55A-6556-4D66-98AC-8E362E87B765}.Debug|Any CPU.Build.0 = Debug|Any CPU
		{55DAC55A-6556-4D66-98AC-8E362E87B765}.Debug|x86.ActiveCfg = Debug|Any CPU
		{55DAC55A-6556-4D66-98AC-8E362E87B765}.Debug|x86.Build.0 = Debug|Any CPU
		{55DAC55A-6556-4D66-98AC-8E362E87B765}.Release|Any CPU.ActiveCfg = Release|Any CPU
		{55DAC55A-6556-4D66-98AC-8E362E87B765}.Release|Any CPU.Build.0 = Release|Any CPU
		{55DAC55A-6556-4D66-98AC-8E362E87B765}.Release|x86.ActiveCfg = Release|Any CPU
		{55DAC55A-6556-4D66-98AC-8E362E87B765}.Release|x86.Build.0 = Release|Any CPU
		{91F3E8E2-EFA2-4CDB-9BCA-02760FEA98F2}.Debug|Any CPU.ActiveCfg = Debug|Any CPU
		{91F3E8E2-EFA2-4CDB-9BCA-02760FEA98F2}.Debug|Any CPU.Build.0 = Debug|Any CPU
		{91F3E8E2-EFA2-4CDB-9BCA-02760FEA98F2}.Debug|x86.ActiveCfg = Debug|Any CPU
		{91F3E8E2-EFA2-4CDB-9BCA-02760FEA98F2}.Debug|x86.Build.0 = Debug|Any CPU
		{91F3E8E2-EFA2-4CDB-9BCA-02760FEA98F2}.Release|Any CPU.ActiveCfg = Release|Any CPU
		{91F3E8E2-EFA2-4CDB-9BCA-02760FEA98F2}.Release|Any CPU.Build.0 = Release|Any CPU
		{91F3E8E2-EFA2-4CDB-9BCA-02760FEA98F2}.Release|x86.ActiveCfg = Release|Any CPU
		{91F3E8E2-EFA2-4CDB-9BCA-02760FEA98F2}.Release|x86.Build.0 = Release|Any CPU
		{352F2400-3178-4E4A-90DD-34D724618CCB}.Debug|Any CPU.ActiveCfg = Debug|Any CPU
		{352F2400-3178-4E4A-90DD-34D724618CCB}.Debug|Any CPU.Build.0 = Debug|Any CPU
		{352F2400-3178-4E4A-90DD-34D724618CCB}.Debug|x86.ActiveCfg = Debug|Any CPU
		{352F2400-3178-4E4A-90DD-34D724618CCB}.Debug|x86.Build.0 = Debug|Any CPU
		{352F2400-3178-4E4A-90DD-34D724618CCB}.Release|Any CPU.ActiveCfg = Release|Any CPU
		{352F2400-3178-4E4A-90DD-34D724618CCB}.Release|Any CPU.Build.0 = Release|Any CPU
		{352F2400-3178-4E4A-90DD-34D724618CCB}.Release|x86.ActiveCfg = Release|Any CPU
		{352F2400-3178-4E4A-90DD-34D724618CCB}.Release|x86.Build.0 = Release|Any CPU
		{4D5958B6-CDED-4261-BD13-EB9824DE5E20}.Debug|Any CPU.ActiveCfg = Debug|Any CPU
		{4D5958B6-CDED-4261-BD13-EB9824DE5E20}.Debug|Any CPU.Build.0 = Debug|Any CPU
		{4D5958B6-CDED-4261-BD13-EB9824DE5E20}.Debug|x86.ActiveCfg = Debug|Any CPU
		{4D5958B6-CDED-4261-BD13-EB9824DE5E20}.Debug|x86.Build.0 = Debug|Any CPU
		{4D5958B6-CDED-4261-BD13-EB9824DE5E20}.Release|Any CPU.ActiveCfg = Release|Any CPU
		{4D5958B6-CDED-4261-BD13-EB9824DE5E20}.Release|Any CPU.Build.0 = Release|Any CPU
		{4D5958B6-CDED-4261-BD13-EB9824DE5E20}.Release|x86.ActiveCfg = Release|Any CPU
		{4D5958B6-CDED-4261-BD13-EB9824DE5E20}.Release|x86.Build.0 = Release|Any CPU
		{3CB03987-13D9-4C50-85CF-E6B1820CF87E}.Debug|Any CPU.ActiveCfg = Debug|Any CPU
		{3CB03987-13D9-4C50-85CF-E6B1820CF87E}.Debug|x86.ActiveCfg = Debug|x86
		{3CB03987-13D9-4C50-85CF-E6B1820CF87E}.Debug|x86.Build.0 = Debug|x86
		{3CB03987-13D9-4C50-85CF-E6B1820CF87E}.Release|Any CPU.ActiveCfg = Release|Any CPU
		{3CB03987-13D9-4C50-85CF-E6B1820CF87E}.Release|Any CPU.Build.0 = Release|Any CPU
		{3CB03987-13D9-4C50-85CF-E6B1820CF87E}.Release|x86.ActiveCfg = Release|x86
		{3CB03987-13D9-4C50-85CF-E6B1820CF87E}.Release|x86.Build.0 = Release|x86
		{FBB918EC-A3FD-4F78-BD4D-67550B3EF012}.Debug|Any CPU.ActiveCfg = Debug|Any CPU
		{FBB918EC-A3FD-4F78-BD4D-67550B3EF012}.Debug|Any CPU.Build.0 = Debug|Any CPU
		{FBB918EC-A3FD-4F78-BD4D-67550B3EF012}.Debug|x86.ActiveCfg = Debug|Any CPU
		{FBB918EC-A3FD-4F78-BD4D-67550B3EF012}.Debug|x86.Build.0 = Debug|Any CPU
		{FBB918EC-A3FD-4F78-BD4D-67550B3EF012}.Release|Any CPU.ActiveCfg = Release|Any CPU
		{FBB918EC-A3FD-4F78-BD4D-67550B3EF012}.Release|Any CPU.Build.0 = Release|Any CPU
		{FBB918EC-A3FD-4F78-BD4D-67550B3EF012}.Release|x86.ActiveCfg = Release|Any CPU
		{FBB918EC-A3FD-4F78-BD4D-67550B3EF012}.Release|x86.Build.0 = Release|Any CPU
		{F09E883E-04E3-4629-A9A7-B6EEE35E4207}.Debug|Any CPU.ActiveCfg = Debug|Any CPU
		{F09E883E-04E3-4629-A9A7-B6EEE35E4207}.Debug|Any CPU.Build.0 = Debug|Any CPU
		{F09E883E-04E3-4629-A9A7-B6EEE35E4207}.Debug|x86.ActiveCfg = Debug|Any CPU
		{F09E883E-04E3-4629-A9A7-B6EEE35E4207}.Debug|x86.Build.0 = Debug|Any CPU
		{F09E883E-04E3-4629-A9A7-B6EEE35E4207}.Release|Any CPU.ActiveCfg = Release|Any CPU
		{F09E883E-04E3-4629-A9A7-B6EEE35E4207}.Release|Any CPU.Build.0 = Release|Any CPU
		{F09E883E-04E3-4629-A9A7-B6EEE35E4207}.Release|x86.ActiveCfg = Release|Any CPU
		{F09E883E-04E3-4629-A9A7-B6EEE35E4207}.Release|x86.Build.0 = Release|Any CPU
		{39D0F186-46E7-47A4-8275-6D33A5800C8B}.Debug|Any CPU.ActiveCfg = Debug|Any CPU
		{39D0F186-46E7-47A4-8275-6D33A5800C8B}.Debug|Any CPU.Build.0 = Debug|Any CPU
		{39D0F186-46E7-47A4-8275-6D33A5800C8B}.Debug|x86.ActiveCfg = Debug|Any CPU
		{39D0F186-46E7-47A4-8275-6D33A5800C8B}.Debug|x86.Build.0 = Debug|Any CPU
		{39D0F186-46E7-47A4-8275-6D33A5800C8B}.Release|Any CPU.ActiveCfg = Release|Any CPU
		{39D0F186-46E7-47A4-8275-6D33A5800C8B}.Release|Any CPU.Build.0 = Release|Any CPU
		{39D0F186-46E7-47A4-8275-6D33A5800C8B}.Release|x86.ActiveCfg = Release|Any CPU
		{39D0F186-46E7-47A4-8275-6D33A5800C8B}.Release|x86.Build.0 = Release|Any CPU
		{EB8246EA-450A-4BC9-A61B-17B8D8EE3B4E}.Debug|Any CPU.ActiveCfg = Debug|Any CPU
		{EB8246EA-450A-4BC9-A61B-17B8D8EE3B4E}.Debug|Any CPU.Build.0 = Debug|Any CPU
		{EB8246EA-450A-4BC9-A61B-17B8D8EE3B4E}.Debug|x86.ActiveCfg = Debug|Any CPU
		{EB8246EA-450A-4BC9-A61B-17B8D8EE3B4E}.Debug|x86.Build.0 = Debug|Any CPU
		{EB8246EA-450A-4BC9-A61B-17B8D8EE3B4E}.Release|Any CPU.ActiveCfg = Release|Any CPU
		{EB8246EA-450A-4BC9-A61B-17B8D8EE3B4E}.Release|Any CPU.Build.0 = Release|Any CPU
		{EB8246EA-450A-4BC9-A61B-17B8D8EE3B4E}.Release|x86.ActiveCfg = Release|Any CPU
		{EB8246EA-450A-4BC9-A61B-17B8D8EE3B4E}.Release|x86.Build.0 = Release|Any CPU
	EndGlobalSection
	GlobalSection(SolutionProperties) = preSolution
		HideSolutionNode = FALSE
	EndGlobalSection
	GlobalSection(NestedProjects) = preSolution
		{B21B8973-E574-47D2-98B6-B7D87AABB0DD} = {32477C5C-D2F1-4EA4-87E7-72CC422157C6}
		{58F53B7F-E082-4D8A-9F99-C0D5C5BA1271} = {32477C5C-D2F1-4EA4-87E7-72CC422157C6}
		{352F2400-3178-4E4A-90DD-34D724618CCB} = {32477C5C-D2F1-4EA4-87E7-72CC422157C6}
		{4D5958B6-CDED-4261-BD13-EB9824DE5E20} = {32477C5C-D2F1-4EA4-87E7-72CC422157C6}
		{FBB918EC-A3FD-4F78-BD4D-67550B3EF012} = {3D6FA66E-31AA-4D4F-B779-F831C54E2923}
		{EB8246EA-450A-4BC9-A61B-17B8D8EE3B4E} = {32477C5C-D2F1-4EA4-87E7-72CC422157C6}
	EndGlobalSection
	GlobalSection(ExtensibilityGlobals) = postSolution
		SolutionGuid = {D8B29C98-4A58-4C42-A62E-86627195E788}
	EndGlobalSection
EndGlobal
