
Microsoft Visual Studio Solution File, Format Version 12.00
# Visual Studio Version 17
VisualStudioVersion = 17.1.32228.430
MinimumVisualStudioVersion = 10.0.40219.1
Project("{FAE04EC0-301F-11D3-BF4B-00C04F79EFBC}") = "DB2GUI_RSCG", "DB2GUI\DB2GUI_RSCG.csproj", "{5F948724-1E24-49CD-824F-6EB3C635D99F}"
EndProject
Project("{FAE04EC0-301F-11D3-BF4B-00C04F79EFBC}") = "GeneratorFromDB", "GeneratorFromDB\GeneratorFromDB.csproj", "{EA8F5274-0D22-467C-AB00-3F1F45A8382D}"
EndProject
Project("{FAE04EC0-301F-11D3-BF4B-00C04F79EFBC}") = "ExampleModels", "ExampleModels\ExampleModels.csproj", "{21A2D749-3C78-424F-B83A-8EC670D8D316}"
EndProject
Global
	GlobalSection(SolutionConfigurationPlatforms) = preSolution
		Debug|Any CPU = Debug|Any CPU
		Release|Any CPU = Release|Any CPU
	EndGlobalSection
	GlobalSection(ProjectConfigurationPlatforms) = postSolution
		{5F948724-1E24-49CD-824F-6EB3C635D99F}.Debug|Any CPU.ActiveCfg = Debug|Any CPU
		{5F948724-1E24-49CD-824F-6EB3C635D99F}.Debug|Any CPU.Build.0 = Debug|Any CPU
		{5F948724-1E24-49CD-824F-6EB3C635D99F}.Release|Any CPU.ActiveCfg = Release|Any CPU
		{5F948724-1E24-49CD-824F-6EB3C635D99F}.Release|Any CPU.Build.0 = Release|Any CPU
		{EA8F5274-0D22-467C-AB00-3F1F45A8382D}.Debug|Any CPU.ActiveCfg = Debug|Any CPU
		{EA8F5274-0D22-467C-AB00-3F1F45A8382D}.Debug|Any CPU.Build.0 = Debug|Any CPU
		{EA8F5274-0D22-467C-AB00-3F1F45A8382D}.Release|Any CPU.ActiveCfg = Release|Any CPU
		{EA8F5274-0D22-467C-AB00-3F1F45A8382D}.Release|Any CPU.Build.0 = Release|Any CPU
		{21A2D749-3C78-424F-B83A-8EC670D8D316}.Debug|Any CPU.ActiveCfg = Debug|Any CPU
		{21A2D749-3C78-424F-B83A-8EC670D8D316}.Debug|Any CPU.Build.0 = Debug|Any CPU
		{21A2D749-3C78-424F-B83A-8EC670D8D316}.Release|Any CPU.ActiveCfg = Release|Any CPU
		{21A2D749-3C78-424F-B83A-8EC670D8D316}.Release|Any CPU.Build.0 = Release|Any CPU
	EndGlobalSection
	GlobalSection(SolutionProperties) = preSolution
		HideSolutionNode = FALSE
	EndGlobalSection
	GlobalSection(ExtensibilityGlobals) = postSolution
		SolutionGuid = {CBBB78F0-F08A-4944-BE3F-84FD1086CFC9}
	EndGlobalSection
EndGlobal
