
Microsoft Visual Studio Solution File, Format Version 12.00
# Visual Studio Version 17
VisualStudioVersion = 17.4.33122.133
MinimumVisualStudioVersion = 10.0.40219.1
Project("{9A19103F-16F7-4668-BE54-9A1E7A4F7556}") = "DB2GUI_RSCG", "DB2GUI_RSCG\DB2GUI_RSCG.csproj", "{7700C5FA-D2AF-4414-92E2-BF80B4736EB3}"
EndProject
Project("{9A19103F-16F7-4668-BE54-9A1E7A4F7556}") = "GeneratorFromDB", "GeneratorFromDB\GeneratorFromDB.csproj", "{7BF83C55-7795-496B-981B-DDE2C22EAC4D}"
EndProject
Project("{2150E333-8FDC-42A3-9474-1A3956D46DE8}") = "ExampleApplication", "ExampleApplication", "{32477C5C-D2F1-4EA4-87E7-72CC422157C6}"
EndProject
Project("{FAE04EC0-301F-11D3-BF4B-00C04F79EFBC}") = "ExampleModels", "ExampleModels\ExampleModels.csproj", "{B21B8973-E574-47D2-98B6-B7D87AABB0DD}"
EndProject
Project("{FAE04EC0-301F-11D3-BF4B-00C04F79EFBC}") = "ExampleContext", "ExampleContext\ExampleContext.csproj", "{58F53B7F-E082-4D8A-9F99-C0D5C5BA1271}"
EndProject
Global
	GlobalSection(SolutionConfigurationPlatforms) = preSolution
		Debug|Any CPU = Debug|Any CPU
		Release|Any CPU = Release|Any CPU
	EndGlobalSection
	GlobalSection(ProjectConfigurationPlatforms) = postSolution
		{7700C5FA-D2AF-4414-92E2-BF80B4736EB3}.Debug|Any CPU.ActiveCfg = Debug|Any CPU
		{7700C5FA-D2AF-4414-92E2-BF80B4736EB3}.Debug|Any CPU.Build.0 = Debug|Any CPU
		{7700C5FA-D2AF-4414-92E2-BF80B4736EB3}.Release|Any CPU.ActiveCfg = Release|Any CPU
		{7700C5FA-D2AF-4414-92E2-BF80B4736EB3}.Release|Any CPU.Build.0 = Release|Any CPU
		{7BF83C55-7795-496B-981B-DDE2C22EAC4D}.Debug|Any CPU.ActiveCfg = Debug|Any CPU
		{7BF83C55-7795-496B-981B-DDE2C22EAC4D}.Debug|Any CPU.Build.0 = Debug|Any CPU
		{7BF83C55-7795-496B-981B-DDE2C22EAC4D}.Release|Any CPU.ActiveCfg = Release|Any CPU
		{7BF83C55-7795-496B-981B-DDE2C22EAC4D}.Release|Any CPU.Build.0 = Release|Any CPU
		{B21B8973-E574-47D2-98B6-B7D87AABB0DD}.Debug|Any CPU.ActiveCfg = Debug|Any CPU
		{B21B8973-E574-47D2-98B6-B7D87AABB0DD}.Debug|Any CPU.Build.0 = Debug|Any CPU
		{B21B8973-E574-47D2-98B6-B7D87AABB0DD}.Release|Any CPU.ActiveCfg = Release|Any CPU
		{B21B8973-E574-47D2-98B6-B7D87AABB0DD}.Release|Any CPU.Build.0 = Release|Any CPU
		{58F53B7F-E082-4D8A-9F99-C0D5C5BA1271}.Debug|Any CPU.ActiveCfg = Debug|Any CPU
		{58F53B7F-E082-4D8A-9F99-C0D5C5BA1271}.Debug|Any CPU.Build.0 = Debug|Any CPU
		{58F53B7F-E082-4D8A-9F99-C0D5C5BA1271}.Release|Any CPU.ActiveCfg = Release|Any CPU
		{58F53B7F-E082-4D8A-9F99-C0D5C5BA1271}.Release|Any CPU.Build.0 = Release|Any CPU
	EndGlobalSection
	GlobalSection(SolutionProperties) = preSolution
		HideSolutionNode = FALSE
	EndGlobalSection
	GlobalSection(NestedProjects) = preSolution
		{B21B8973-E574-47D2-98B6-B7D87AABB0DD} = {32477C5C-D2F1-4EA4-87E7-72CC422157C6}
		{58F53B7F-E082-4D8A-9F99-C0D5C5BA1271} = {32477C5C-D2F1-4EA4-87E7-72CC422157C6}
	EndGlobalSection
	GlobalSection(ExtensibilityGlobals) = postSolution
		SolutionGuid = {D8B29C98-4A58-4C42-A62E-86627195E788}
	EndGlobalSection
EndGlobal
