
Microsoft Visual Studio Solution File, Format Version 12.00
# Visual Studio Version 17
VisualStudioVersion = 17.0.32014.148
MinimumVisualStudioVersion = 10.0.40219.1
Project("{FAE04EC0-301F-11D3-BF4B-00C04F79EFBC}") = "FastDBToGUIContext", "FastDBToGUI\FastDBToGUIContext.csproj", "{4BD38048-35E9-42A9-AECD-46B6F8F98CF2}"
EndProject
Project("{FAE04EC0-301F-11D3-BF4B-00C04F79EFBC}") = "FastDBToGuiModels", "FastDBToGuiModels\FastDBToGuiModels.csproj", "{67ECFBCA-75E3-4B3A-AB21-C3936BD41819}"
EndProject
Global
	GlobalSection(SolutionConfigurationPlatforms) = preSolution
		Debug|Any CPU = Debug|Any CPU
		Release|Any CPU = Release|Any CPU
	EndGlobalSection
	GlobalSection(ProjectConfigurationPlatforms) = postSolution
		{4BD38048-35E9-42A9-AECD-46B6F8F98CF2}.Debug|Any CPU.ActiveCfg = Debug|Any CPU
		{4BD38048-35E9-42A9-AECD-46B6F8F98CF2}.Debug|Any CPU.Build.0 = Debug|Any CPU
		{4BD38048-35E9-42A9-AECD-46B6F8F98CF2}.Release|Any CPU.ActiveCfg = Release|Any CPU
		{4BD38048-35E9-42A9-AECD-46B6F8F98CF2}.Release|Any CPU.Build.0 = Release|Any CPU
		{67ECFBCA-75E3-4B3A-AB21-C3936BD41819}.Debug|Any CPU.ActiveCfg = Debug|Any CPU
		{67ECFBCA-75E3-4B3A-AB21-C3936BD41819}.Debug|Any CPU.Build.0 = Debug|Any CPU
		{67ECFBCA-75E3-4B3A-AB21-C3936BD41819}.Release|Any CPU.ActiveCfg = Release|Any CPU
		{67ECFBCA-75E3-4B3A-AB21-C3936BD41819}.Release|Any CPU.Build.0 = Release|Any CPU
	EndGlobalSection
	GlobalSection(SolutionProperties) = preSolution
		HideSolutionNode = FALSE
	EndGlobalSection
	GlobalSection(ExtensibilityGlobals) = postSolution
		SolutionGuid = {F8A4816D-DF89-48E4-97C8-D2E39D3A28F7}
	EndGlobalSection
EndGlobal
