
Microsoft Visual Studio Solution File, Format Version 12.00
# Visual Studio Version 16
VisualStudioVersion = 16.0.30711.63
MinimumVisualStudioVersion = 10.0.40219.1
Project("{9A19103F-16F7-4668-BE54-9A1E7A4F7556}") = "RoslynQueryGenerator", "RoslynQueryGenerator\RoslynQueryGenerator.csproj", "{B0F88A96-E9A7-435D-A96D-969E25702C05}"
EndProject
Project("{FAE04EC0-301F-11D3-BF4B-00C04F79EFBC}") = "QueryViewerWebAPI", "QueryViewerWebAPI\QueryViewerWebAPI.csproj", "{3FBC070F-200E-4C52-B382-F7DE0F990A16}"
EndProject
Global
	GlobalSection(SolutionConfigurationPlatforms) = preSolution
		Debug|Any CPU = Debug|Any CPU
		Release|Any CPU = Release|Any CPU
	EndGlobalSection
	GlobalSection(ProjectConfigurationPlatforms) = postSolution
		{B0F88A96-E9A7-435D-A96D-969E25702C05}.Debug|Any CPU.ActiveCfg = Debug|Any CPU
		{B0F88A96-E9A7-435D-A96D-969E25702C05}.Debug|Any CPU.Build.0 = Debug|Any CPU
		{B0F88A96-E9A7-435D-A96D-969E25702C05}.Release|Any CPU.ActiveCfg = Release|Any CPU
		{B0F88A96-E9A7-435D-A96D-969E25702C05}.Release|Any CPU.Build.0 = Release|Any CPU
		{3FBC070F-200E-4C52-B382-F7DE0F990A16}.Debug|Any CPU.ActiveCfg = Debug|Any CPU
		{3FBC070F-200E-4C52-B382-F7DE0F990A16}.Debug|Any CPU.Build.0 = Debug|Any CPU
		{3FBC070F-200E-4C52-B382-F7DE0F990A16}.Release|Any CPU.ActiveCfg = Release|Any CPU
		{3FBC070F-200E-4C52-B382-F7DE0F990A16}.Release|Any CPU.Build.0 = Release|Any CPU
	EndGlobalSection
	GlobalSection(SolutionProperties) = preSolution
		HideSolutionNode = FALSE
	EndGlobalSection
	GlobalSection(ExtensibilityGlobals) = postSolution
		SolutionGuid = {127BE1F5-752A-4424-8A6C-B5AE1F1C1049}
	EndGlobalSection
EndGlobal
